
Microsoft Visual Studio Solution File, Format Version 12.00
# Visual Studio Version 16
VisualStudioVersion = 16.0.30011.22
MinimumVisualStudioVersion = 10.0.40219.1
Project("{9A19103F-16F7-4668-BE54-9A1E7A4F7556}") = "MoviesAPI", "MoviesAPI\MoviesAPI.csproj", "{2EC8683F-7347-4441-ABA7-184FF8B32E34}"
EndProject
Global
	GlobalSection(SolutionConfigurationPlatforms) = preSolution
		Debug|Any CPU = Debug|Any CPU
		Release|Any CPU = Release|Any CPU
	EndGlobalSection
	GlobalSection(ProjectConfigurationPlatforms) = postSolution
		{2EC8683F-7347-4441-ABA7-184FF8B32E34}.Debug|Any CPU.ActiveCfg = Debug|Any CPU
		{2EC8683F-7347-4441-ABA7-184FF8B32E34}.Debug|Any CPU.Build.0 = Debug|Any CPU
		{2EC8683F-7347-4441-ABA7-184FF8B32E34}.Release|Any CPU.ActiveCfg = Release|Any CPU
		{2EC8683F-7347-4441-ABA7-184FF8B32E34}.Release|Any CPU.Build.0 = Release|Any CPU
	EndGlobalSection
	GlobalSection(SolutionProperties) = preSolution
		HideSolutionNode = FALSE
	EndGlobalSection
	GlobalSection(ExtensibilityGlobals) = postSolution
		SolutionGuid = {5A7A8F6D-9844-4FB1-AB58-81B5D21157B9}
	EndGlobalSection
EndGlobal
